github.com/sengweihan/test_go_mod v0.0.0-20240823020436-99724864d574 h1:C/bOuD1MMVQxnNCO5OVLpwVdhnUCqKD6OgkGfHxNHjQ=
github.com/sengweihan/test_go_mod v0.0.0-20240823020436-99724864d574/go.mod h1:OhACn1cTzfiX5ojfGuziASich0ZNI9rwlorippS9muQ=
github.com/sengweihan/test_go_mod v0.0.0-20240823021147-f26ea9bb2ecc h1:aUP3+4s3V0hBXz+bWpwFuPz3i4tOHgVYMxRIeGQSrNk=
github.com/sengweihan/test_go_mod v0.0.0-20240823021147-f26ea9bb2ecc/go.mod h1:OhACn1cTzfiX5ojfGuziASich0ZNI9rwlorippS9muQ=
github.com/sengweihan/test_go_mod v0.0.0-20240823021914-142cdc7e2dfd h1:Xn+fQD1oD8UbCN0XgKp4m8+cAu85m2nIh5vojm3k6To=
github.com/sengweihan/test_go_mod v0.0.0-20240823021914-142cdc7e2dfd/go.mod h1:OhACn1cTzfiX5ojfGuziASich0ZNI9rwlorippS9muQ=
github.com/sengweihan/test_go_mod v0.0.0-20240824142053-471683235102 h1:8OImhsAnlkXls6nSiGJg9A4eoijkQloh9O0UcdqoRH0=
github.com/sengweihan/test_go_mod v0.0.0-20240824142053-471683235102/go.mod h1:OhACn1cTzfiX5ojfGuziASich0ZNI9rwlorippS9muQ=
github.com/sengweihan/test_go_mod v0.0.0-20240824153208-8231a66598fb h1:Up7glKHYhZm/vUFfRTdZx7h3X7N3Jsz38NIjMAKEwoo=
github.com/sengweihan/test_go_mod v0.0.0-20240824153208-8231a66598fb/go.mod h1:OhACn1cTzfiX5ojfGuziASich0ZNI9rwlorippS9muQ=
